
Microsoft Visual Studio Solution File, Format Version 12.00
# Visual Studio Version 17
VisualStudioVersion = 17.5.002.0
MinimumVisualStudioVersion = 10.0.40219.1
Project("{9A19103F-16F7-4668-BE54-9A1E7A4F7556}") = "kontroln1", "kontroln1.csproj", "{8093F6F5-320A-46F9-A657-A933BF0292B6}"
EndProject
Global
	GlobalSection(SolutionConfigurationPlatforms) = preSolution
		Debug|Any CPU = Debug|Any CPU
		Release|Any CPU = Release|Any CPU
	EndGlobalSection
	GlobalSection(ProjectConfigurationPlatforms) = postSolution
		{8093F6F5-320A-46F9-A657-A933BF0292B6}.Debug|Any CPU.ActiveCfg = Debug|Any CPU
		{8093F6F5-320A-46F9-A657-A933BF0292B6}.Debug|Any CPU.Build.0 = Debug|Any CPU
		{8093F6F5-320A-46F9-A657-A933BF0292B6}.Release|Any CPU.ActiveCfg = Release|Any CPU
		{8093F6F5-320A-46F9-A657-A933BF0292B6}.Release|Any CPU.Build.0 = Release|Any CPU
	EndGlobalSection
	GlobalSection(SolutionProperties) = preSolution
		HideSolutionNode = FALSE
	EndGlobalSection
	GlobalSection(ExtensibilityGlobals) = postSolution
		SolutionGuid = {0CD2C75E-D938-4433-85B9-AF183B8E250F}
	EndGlobalSection
EndGlobal
